
Microsoft Visual Studio Solution File, Format Version 12.00
# Visual Studio Version 17
VisualStudioVersion = 17.6.33829.357
MinimumVisualStudioVersion = 10.0.40219.1
Project("{FAE04EC0-301F-11D3-BF4B-00C04F79EFBC}") = "PruebaPracticaVersion2", "PruebaPracticaVersion2\PruebaPracticaVersion2.csproj", "{6C25282F-1689-4E81-82AA-3A658128C230}"
EndProject
Global
	GlobalSection(SolutionConfigurationPlatforms) = preSolution
		Debug|Any CPU = Debug|Any CPU
		Release|Any CPU = Release|Any CPU
	EndGlobalSection
	GlobalSection(ProjectConfigurationPlatforms) = postSolution
		{6C25282F-1689-4E81-82AA-3A658128C230}.Debug|Any CPU.ActiveCfg = Debug|Any CPU
		{6C25282F-1689-4E81-82AA-3A658128C230}.Debug|Any CPU.Build.0 = Debug|Any CPU
		{6C25282F-1689-4E81-82AA-3A658128C230}.Release|Any CPU.ActiveCfg = Release|Any CPU
		{6C25282F-1689-4E81-82AA-3A658128C230}.Release|Any CPU.Build.0 = Release|Any CPU
	EndGlobalSection
	GlobalSection(SolutionProperties) = preSolution
		HideSolutionNode = FALSE
	EndGlobalSection
	GlobalSection(ExtensibilityGlobals) = postSolution
		SolutionGuid = {F5C38B48-0D35-4663-8EA0-DC791262D440}
	EndGlobalSection
EndGlobal
